
Microsoft Visual Studio Solution File, Format Version 12.00
# Visual Studio 15
VisualStudioVersion = 15.0.26730.16
MinimumVisualStudioVersion = 10.0.40219.1
Project("{8BC9CEB8-8B4A-11D0-8D11-00A0C91BC942}") = "System_Management_Lib", "System_Management_Lib\System_Management_Lib.vcxproj", "{50F6BAA7-7D7B-452B-BB35-BACCC22E4057}"
EndProject
Project("{8BC9CEB8-8B4A-11D0-8D11-00A0C91BC942}") = "Test_Lib", "Test_Lib\Test_Lib.vcxproj", "{511D4976-E2F5-4780-9E10-C6DFBFC456CB}"
EndProject
Global
	GlobalSection(SolutionConfigurationPlatforms) = preSolution
		Debug|x64 = Debug|x64
		Debug|x86 = Debug|x86
		Release|x64 = Release|x64
		Release|x86 = Release|x86
	EndGlobalSection
	GlobalSection(ProjectConfigurationPlatforms) = postSolution
		{50F6BAA7-7D7B-452B-BB35-BACCC22E4057}.Debug|x64.ActiveCfg = Debug|x64
		{50F6BAA7-7D7B-452B-BB35-BACCC22E4057}.Debug|x64.Build.0 = Debug|x64
		{50F6BAA7-7D7B-452B-BB35-BACCC22E4057}.Debug|x86.ActiveCfg = Debug|Win32
		{50F6BAA7-7D7B-452B-BB35-BACCC22E4057}.Debug|x86.Build.0 = Debug|Win32
		{50F6BAA7-7D7B-452B-BB35-BACCC22E4057}.Release|x64.ActiveCfg = Release|x64
		{50F6BAA7-7D7B-452B-BB35-BACCC22E4057}.Release|x64.Build.0 = Release|x64
		{50F6BAA7-7D7B-452B-BB35-BACCC22E4057}.Release|x86.ActiveCfg = Release|Win32
		{50F6BAA7-7D7B-452B-BB35-BACCC22E4057}.Release|x86.Build.0 = Release|Win32
		{511D4976-E2F5-4780-9E10-C6DFBFC456CB}.Debug|x64.ActiveCfg = Debug|x64
		{511D4976-E2F5-4780-9E10-C6DFBFC456CB}.Debug|x64.Build.0 = Debug|x64
		{511D4976-E2F5-4780-9E10-C6DFBFC456CB}.Debug|x86.ActiveCfg = Debug|Win32
		{511D4976-E2F5-4780-9E10-C6DFBFC456CB}.Debug|x86.Build.0 = Debug|Win32
		{511D4976-E2F5-4780-9E10-C6DFBFC456CB}.Release|x64.ActiveCfg = Release|x64
		{511D4976-E2F5-4780-9E10-C6DFBFC456CB}.Release|x64.Build.0 = Release|x64
		{511D4976-E2F5-4780-9E10-C6DFBFC456CB}.Release|x86.ActiveCfg = Release|Win32
		{511D4976-E2F5-4780-9E10-C6DFBFC456CB}.Release|x86.Build.0 = Release|Win32
	EndGlobalSection
	GlobalSection(SolutionProperties) = preSolution
		HideSolutionNode = FALSE
	EndGlobalSection
	GlobalSection(ExtensibilityGlobals) = postSolution
		SolutionGuid = {1F627E41-3974-4677-9E35-F57FEFD7D3DC}
	EndGlobalSection
EndGlobal
